
Microsoft Visual Studio Solution File, Format Version 12.00
# Visual Studio 15
VisualStudioVersion = 15.0.28010.2003
MinimumVisualStudioVersion = 10.0.40219.1
Project("{FAE04EC0-301F-11D3-BF4B-00C04F79EFBC}") = "El Tano de Arriba", "El Tano de Arriba\El Tano de Arriba.csproj", "{7E2C0DC5-D798-44E3-9E30-B433416C2AC3}"
EndProject
Global
	GlobalSection(SolutionConfigurationPlatforms) = preSolution
		Debug|Any CPU = Debug|Any CPU
		Release|Any CPU = Release|Any CPU
	EndGlobalSection
	GlobalSection(ProjectConfigurationPlatforms) = postSolution
		{7E2C0DC5-D798-44E3-9E30-B433416C2AC3}.Debug|Any CPU.ActiveCfg = Debug|Any CPU
		{7E2C0DC5-D798-44E3-9E30-B433416C2AC3}.Debug|Any CPU.Build.0 = Debug|Any CPU
		{7E2C0DC5-D798-44E3-9E30-B433416C2AC3}.Release|Any CPU.ActiveCfg = Release|Any CPU
		{7E2C0DC5-D798-44E3-9E30-B433416C2AC3}.Release|Any CPU.Build.0 = Release|Any CPU
	EndGlobalSection
	GlobalSection(SolutionProperties) = preSolution
		HideSolutionNode = FALSE
	EndGlobalSection
	GlobalSection(ExtensibilityGlobals) = postSolution
		SolutionGuid = {86DD1AC9-3A24-421F-8128-34EE8231043A}
	EndGlobalSection
EndGlobal
